
Microsoft Visual Studio Solution File, Format Version 12.00
# Visual Studio Version 17
VisualStudioVersion = 17.4.33213.308
MinimumVisualStudioVersion = 10.0.40219.1
Project("{2150E333-8FDC-42A3-9474-1A3956D46DE8}") = "Enterprise Bussiness Rules", "Enterprise Bussiness Rules", "{E75337BB-B2B2-4AD0-85DA-C4472BD31950}"
EndProject
Project("{9A19103F-16F7-4668-BE54-9A1E7A4F7556}") = "FirstWebApi.Entities", "FirstWebApi.Entities\FirstWebApi.Entities.csproj", "{32A7CC7E-1F99-47F3-8771-02C5C0ADE524}"
EndProject
Project("{2150E333-8FDC-42A3-9474-1A3956D46DE8}") = "Interface Adapters", "Interface Adapters", "{5BE69AF6-81DC-402E-94F2-BCB4B73F35E4}"
EndProject
Project("{2150E333-8FDC-42A3-9474-1A3956D46DE8}") = "Gateways", "Gateways", "{9FB725AA-4384-429D-A901-AA71EFF89EB1}"
EndProject
Project("{9A19103F-16F7-4668-BE54-9A1E7A4F7556}") = "FirstWebApi.RepositoryEFCore", "FirstWebApi.RepositoryEFCore\FirstWebApi.RepositoryEFCore.csproj", "{2BADA49D-3D96-433F-9FC6-E66CD8D86C98}"
EndProject
Project("{2150E333-8FDC-42A3-9474-1A3956D46DE8}") = "Application Business Rules", "Application Business Rules", "{2242EA03-8704-4989-92E7-B83814911E83}"
EndProject
Project("{9A19103F-16F7-4668-BE54-9A1E7A4F7556}") = "FirstWebApi.DTOs", "FirstWebApi.DTOs\FirstWebApi.DTOs.csproj", "{2D960F8D-83F4-42F3-9A33-016FE05D03CF}"
EndProject
Project("{9A19103F-16F7-4668-BE54-9A1E7A4F7556}") = "FirstWebApi.UseCasesPorts", "FirstWebApi.UseCasesPorts\FirstWebApi.UseCasesPorts.csproj", "{FDEF3181-10FD-4A5C-9224-2912F8181F6A}"
EndProject
Project("{9A19103F-16F7-4668-BE54-9A1E7A4F7556}") = "FirstWebApi.UseCases", "FirstWebApi.UseCases\FirstWebApi.UseCases.csproj", "{61349453-0A27-48F8-BD6A-2E97B388D86E}"
EndProject
Project("{2150E333-8FDC-42A3-9474-1A3956D46DE8}") = "Presents", "Presents", "{D7936B29-FACB-41B8-807B-757DEAF10885}"
EndProject
Project("{9A19103F-16F7-4668-BE54-9A1E7A4F7556}") = "FirstWebApi.Presenters", "FirstWebApi.Presenters\FirstWebApi.Presenters.csproj", "{75456557-F041-40E1-9E5C-01797095249B}"
EndProject
Project("{2150E333-8FDC-42A3-9474-1A3956D46DE8}") = "Controller", "Controller", "{1C72BB8C-5047-4471-8D47-688A91CCDD31}"
EndProject
Project("{9A19103F-16F7-4668-BE54-9A1E7A4F7556}") = "FirstWebApi.Controllers", "FirstWebApi.Controllers\FirstWebApi.Controllers.csproj", "{2B635FE2-0C90-470D-8D6C-EE85F736FD90}"
EndProject
Project("{9A19103F-16F7-4668-BE54-9A1E7A4F7556}") = "FirstWebApi.InverisionControl", "FirstWebApi.InverisionControl\FirstWebApi.InverisionControl.csproj", "{217487C7-0D23-4EFD-85E7-E06C2C31EFE9}"
EndProject
Project("{2150E333-8FDC-42A3-9474-1A3956D46DE8}") = "FrameworksAndDrivers", "FrameworksAndDrivers", "{9C1118DD-8C5D-47C7-BD2D-5C5F3CE8F986}"
EndProject
Project("{2150E333-8FDC-42A3-9474-1A3956D46DE8}") = "UIs", "UIs", "{1ED6B855-2FE2-4AA4-BC25-3CF419642E0B}"
EndProject
Project("{9A19103F-16F7-4668-BE54-9A1E7A4F7556}") = "FirstWebApi.WebApi", "FirstWebApi.WebApi\FirstWebApi.WebApi.csproj", "{46C02CA7-6ED8-4BA1-97D6-1C732CB09C24}"
EndProject
Global
	GlobalSection(SolutionConfigurationPlatforms) = preSolution
		Debug|Any CPU = Debug|Any CPU
		Release|Any CPU = Release|Any CPU
	EndGlobalSection
	GlobalSection(ProjectConfigurationPlatforms) = postSolution
		{32A7CC7E-1F99-47F3-8771-02C5C0ADE524}.Debug|Any CPU.ActiveCfg = Debug|Any CPU
		{32A7CC7E-1F99-47F3-8771-02C5C0ADE524}.Debug|Any CPU.Build.0 = Debug|Any CPU
		{32A7CC7E-1F99-47F3-8771-02C5C0ADE524}.Release|Any CPU.ActiveCfg = Release|Any CPU
		{32A7CC7E-1F99-47F3-8771-02C5C0ADE524}.Release|Any CPU.Build.0 = Release|Any CPU
		{2BADA49D-3D96-433F-9FC6-E66CD8D86C98}.Debug|Any CPU.ActiveCfg = Debug|Any CPU
		{2BADA49D-3D96-433F-9FC6-E66CD8D86C98}.Debug|Any CPU.Build.0 = Debug|Any CPU
		{2BADA49D-3D96-433F-9FC6-E66CD8D86C98}.Release|Any CPU.ActiveCfg = Release|Any CPU
		{2BADA49D-3D96-433F-9FC6-E66CD8D86C98}.Release|Any CPU.Build.0 = Release|Any CPU
		{2D960F8D-83F4-42F3-9A33-016FE05D03CF}.Debug|Any CPU.ActiveCfg = Debug|Any CPU
		{2D960F8D-83F4-42F3-9A33-016FE05D03CF}.Debug|Any CPU.Build.0 = Debug|Any CPU
		{2D960F8D-83F4-42F3-9A33-016FE05D03CF}.Release|Any CPU.ActiveCfg = Release|Any CPU
		{2D960F8D-83F4-42F3-9A33-016FE05D03CF}.Release|Any CPU.Build.0 = Release|Any CPU
		{FDEF3181-10FD-4A5C-9224-2912F8181F6A}.Debug|Any CPU.ActiveCfg = Debug|Any CPU
		{FDEF3181-10FD-4A5C-9224-2912F8181F6A}.Debug|Any CPU.Build.0 = Debug|Any CPU
		{FDEF3181-10FD-4A5C-9224-2912F8181F6A}.Release|Any CPU.ActiveCfg = Release|Any CPU
		{FDEF3181-10FD-4A5C-9224-2912F8181F6A}.Release|Any CPU.Build.0 = Release|Any CPU
		{61349453-0A27-48F8-BD6A-2E97B388D86E}.Debug|Any CPU.ActiveCfg = Debug|Any CPU
		{61349453-0A27-48F8-BD6A-2E97B388D86E}.Debug|Any CPU.Build.0 = Debug|Any CPU
		{61349453-0A27-48F8-BD6A-2E97B388D86E}.Release|Any CPU.ActiveCfg = Release|Any CPU
		{61349453-0A27-48F8-BD6A-2E97B388D86E}.Release|Any CPU.Build.0 = Release|Any CPU
		{75456557-F041-40E1-9E5C-01797095249B}.Debug|Any CPU.ActiveCfg = Debug|Any CPU
		{75456557-F041-40E1-9E5C-01797095249B}.Debug|Any CPU.Build.0 = Debug|Any CPU
		{75456557-F041-40E1-9E5C-01797095249B}.Release|Any CPU.ActiveCfg = Release|Any CPU
		{75456557-F041-40E1-9E5C-01797095249B}.Release|Any CPU.Build.0 = Release|Any CPU
		{2B635FE2-0C90-470D-8D6C-EE85F736FD90}.Debug|Any CPU.ActiveCfg = Debug|Any CPU
		{2B635FE2-0C90-470D-8D6C-EE85F736FD90}.Debug|Any CPU.Build.0 = Debug|Any CPU
		{2B635FE2-0C90-470D-8D6C-EE85F736FD90}.Release|Any CPU.ActiveCfg = Release|Any CPU
		{2B635FE2-0C90-470D-8D6C-EE85F736FD90}.Release|Any CPU.Build.0 = Release|Any CPU
		{217487C7-0D23-4EFD-85E7-E06C2C31EFE9}.Debug|Any CPU.ActiveCfg = Debug|Any CPU
		{217487C7-0D23-4EFD-85E7-E06C2C31EFE9}.Debug|Any CPU.Build.0 = Debug|Any CPU
		{217487C7-0D23-4EFD-85E7-E06C2C31EFE9}.Release|Any CPU.ActiveCfg = Release|Any CPU
		{217487C7-0D23-4EFD-85E7-E06C2C31EFE9}.Release|Any CPU.Build.0 = Release|Any CPU
		{46C02CA7-6ED8-4BA1-97D6-1C732CB09C24}.Debug|Any CPU.ActiveCfg = Debug|Any CPU
		{46C02CA7-6ED8-4BA1-97D6-1C732CB09C24}.Debug|Any CPU.Build.0 = Debug|Any CPU
		{46C02CA7-6ED8-4BA1-97D6-1C732CB09C24}.Release|Any CPU.ActiveCfg = Release|Any CPU
		{46C02CA7-6ED8-4BA1-97D6-1C732CB09C24}.Release|Any CPU.Build.0 = Release|Any CPU
	EndGlobalSection
	GlobalSection(SolutionProperties) = preSolution
		HideSolutionNode = FALSE
	EndGlobalSection
	GlobalSection(NestedProjects) = preSolution
		{32A7CC7E-1F99-47F3-8771-02C5C0ADE524} = {E75337BB-B2B2-4AD0-85DA-C4472BD31950}
		{9FB725AA-4384-429D-A901-AA71EFF89EB1} = {5BE69AF6-81DC-402E-94F2-BCB4B73F35E4}
		{2BADA49D-3D96-433F-9FC6-E66CD8D86C98} = {9FB725AA-4384-429D-A901-AA71EFF89EB1}
		{2D960F8D-83F4-42F3-9A33-016FE05D03CF} = {2242EA03-8704-4989-92E7-B83814911E83}
		{FDEF3181-10FD-4A5C-9224-2912F8181F6A} = {2242EA03-8704-4989-92E7-B83814911E83}
		{61349453-0A27-48F8-BD6A-2E97B388D86E} = {2242EA03-8704-4989-92E7-B83814911E83}
		{D7936B29-FACB-41B8-807B-757DEAF10885} = {5BE69AF6-81DC-402E-94F2-BCB4B73F35E4}
		{75456557-F041-40E1-9E5C-01797095249B} = {D7936B29-FACB-41B8-807B-757DEAF10885}
		{1C72BB8C-5047-4471-8D47-688A91CCDD31} = {5BE69AF6-81DC-402E-94F2-BCB4B73F35E4}
		{2B635FE2-0C90-470D-8D6C-EE85F736FD90} = {1C72BB8C-5047-4471-8D47-688A91CCDD31}
		{217487C7-0D23-4EFD-85E7-E06C2C31EFE9} = {9FB725AA-4384-429D-A901-AA71EFF89EB1}
		{1ED6B855-2FE2-4AA4-BC25-3CF419642E0B} = {9C1118DD-8C5D-47C7-BD2D-5C5F3CE8F986}
		{46C02CA7-6ED8-4BA1-97D6-1C732CB09C24} = {1ED6B855-2FE2-4AA4-BC25-3CF419642E0B}
	EndGlobalSection
	GlobalSection(ExtensibilityGlobals) = postSolution
		SolutionGuid = {1082991B-69F7-4FF1-9B98-F187BD1CDA4C}
	EndGlobalSection
EndGlobal
